
Microsoft Visual Studio Solution File, Format Version 12.00
# Visual Studio Version 17
VisualStudioVersion = 17.2.32630.192
MinimumVisualStudioVersion = 10.0.40219.1
Project("{FAE04EC0-301F-11D3-BF4B-00C04F79EFBC}") = "PrimeNum", "PrimeNum.csproj", "{C367FEC1-9D55-420F-BB6F-47CCD8B9941A}"
EndProject
Global
	GlobalSection(SolutionConfigurationPlatforms) = preSolution
		Debug|Any CPU = Debug|Any CPU
		Release|Any CPU = Release|Any CPU
	EndGlobalSection
	GlobalSection(ProjectConfigurationPlatforms) = postSolution
		{C367FEC1-9D55-420F-BB6F-47CCD8B9941A}.Debug|Any CPU.ActiveCfg = Debug|Any CPU
		{C367FEC1-9D55-420F-BB6F-47CCD8B9941A}.Debug|Any CPU.Build.0 = Debug|Any CPU
		{C367FEC1-9D55-420F-BB6F-47CCD8B9941A}.Release|Any CPU.ActiveCfg = Release|Any CPU
		{C367FEC1-9D55-420F-BB6F-47CCD8B9941A}.Release|Any CPU.Build.0 = Release|Any CPU
	EndGlobalSection
	GlobalSection(SolutionProperties) = preSolution
		HideSolutionNode = FALSE
	EndGlobalSection
	GlobalSection(ExtensibilityGlobals) = postSolution
		SolutionGuid = {F621050A-2C7A-4D50-A764-68B49CEF1F71}
	EndGlobalSection
EndGlobal
